PODS:
  - FBSnapshotTestCase (2.1.4):
    - FBSnapshotTestCase/SwiftSupport (= 2.1.4)
  - FBSnapshotTestCase/Core (2.1.4)
  - FBSnapshotTestCase/SwiftSupport (2.1.4):
    - FBSnapshotTestCase/Core
  - GitHubProject (0.1.9):
    - GitHubProject/FMDB (= 0.1.9)
    - GitHubProject/ZGDB (= 0.1.9)
  - GitHubProject/FMDB (0.1.9)
  - GitHubProject/ZGDB (0.1.9):
    - GitHubProject/FMDB

DEPENDENCIES:
  - FBSnapshotTestCase
  - GitHubProject (from `../`)

EXTERNAL SOURCES:
  GitHubProject:
    :path: ../

SPEC CHECKSUMS:
  FBSnapshotTestCase: 094f9f314decbabe373b87cc339bea235a63e07a
  GitHubProject: 3227a859373f1bb0a27491e71f6d89ace1ec64d6

PODFILE CHECKSUM: 85149702bef5fe387055d1c238537e697ca18074

COCOAPODS: 1.4.0
